{
  "name": "call-me",
  "lockfileVersion": 3,
  "requires": true,
  "packages": {
    "": {
      "dependencies": {
        "@kapso/whatsapp-cloud-api": "^0.2.0"
      }
    },
    "node_modules/@kapso/whatsapp-cloud-api": {
      "version": "0.2.0",
      "resolved": "https://registry.npmjs.org/@kapso/whatsapp-cloud-api/-/whatsapp-cloud-api-0.2.0.tgz",
      "integrity": "sha512-2u5FZu2wSfKJpDcVF01P9W5AQ0/4aOj9U963Wg15IkA6NZrxjWN5rqD+I4LlY0NTfCos+TmskdKExZLRsdpWEQ==",
      "license": "MIT",
      "dependencies": {
        "zod": "^4.1.11"
      },
      "engines": {
        "node": ">=20.19"
      }
    },
    "node_modules/zod": {
      "version": "4.3.6",
      "resolved": "https://registry.npmjs.org/zod/-/zod-4.3.6.tgz",
      "integrity": "sha512-rftlrkhHZOcjDwkGlnUtZZkvaPHCsDATp4pGpuOOMDaTdDDXF91wuVDJoWoPsKX/3YPQ5fHuF3STjcYyKr+Qhg==",
      "license": "MIT",
      "funding": {
        "url": "https://github.com/sponsors/colinhacks"
      }
    }
  }
}
